{
  "version": 4,
  "terraform_version": "0.12.1",
  "serial": 521,
  "lineage": "2adef068-8c4b-ce32-3498-6706a3b91ced",
  "outputs": {},
  "resources": [
    {
      "module": "module.rds",
      "mode": "managed",
      "type": "aws_db_instance",
      "name": "baseConnectDBInstance",
      "provider": "provider.aws",
      "instances": [
        {
          "schema_version": 0,
          "attributes": {
            "address": "terraform-20191015190622179900000002.cosj1nsmsxgg.us-gov-east-1.rds.amazonaws.com",
            "allocated_storage": 50,
            "allow_major_version_upgrade": null,
            "apply_immediately": null,
            "arn": "arn:aws-us-gov:rds:us-gov-east-1:136050739166:db:terraform-20191015190622179900000002",
            "auto_minor_version_upgrade": true,
            "availability_zone": "us-gov-east-1b",
            "backup_retention_period": 0,
            "backup_window": "23:46-00:16",
            "ca_cert_identifier": "rds-ca-2017",
            "character_set_name": null,
            "copy_tags_to_snapshot": false,
            "db_subnet_group_name": "default",
            "deletion_protection": false,
            "domain": "",
            "domain_iam_role_name": "",
            "enabled_cloudwatch_logs_exports": [],
            "endpoint": "terraform-20191015190622179900000002.cosj1nsmsxgg.us-gov-east-1.rds.amazonaws.com:3306",
            "engine": "mysql",
            "engine_version": "5.7.22",
            "final_snapshot_identifier": "db-2-backup",
            "hosted_zone_id": "Z1OCXXRO09ICTP",
            "iam_database_authentication_enabled": false,
            "id": "terraform-20191015190622179900000002",
            "identifier": "terraform-20191015190622179900000002",
            "identifier_prefix": null,
            "instance_class": "db.t2.medium",
            "iops": 0,
            "kms_key_id": "",
            "license_model": "general-public-license",
            "maintenance_window": "sat:21:03-sat:21:33",
            "max_allocated_storage": 100,
            "monitoring_interval": 0,
            "monitoring_role_arn": "",
            "multi_az": false,
            "name": "",
            "option_group_name": "default:mysql-5-7",
            "parameter_group_name": "default.mysql5.7",
            "password": "baseConnect!",
            "performance_insights_enabled": false,
            "performance_insights_kms_key_id": "",
            "performance_insights_retention_period": 0,
            "port": 3306,
            "publicly_accessible": false,
            "replicas": [],
            "replicate_source_db": "",
            "resource_id": "db-AO3H6ZKHOKZSNCXDESMPJQFHVU",
            "s3_import": [],
            "security_group_names": [],
            "skip_final_snapshot": false,
            "snapshot_identifier": null,
            "status": "available",
            "storage_encrypted": false,
            "storage_type": "gp2",
            "tags": {},
            "timeouts": null,
            "timezone": "",
            "username": "baseConnect",
            "vpc_security_group_ids": [
              "sg-edc5fb84"
            ]
          }
        }
      ]
    },
    {
      "module": "module.beanstalk",
      "mode": "managed",
      "type": "aws_elastic_beanstalk_application_version",
      "name": "bcbackendappver",
      "provider": "provider.aws",
      "instances": []
    },
    {
      "module": "module.beanstalk.module.s3",
      "mode": "managed",
      "type": "aws_s3_bucket",
      "name": "backconnects3",
      "provider": "provider.aws",
      "instances": [
        {
          "schema_version": 0,
          "attributes": {
            "acceleration_status": "",
            "acl": "private",
            "arn": "arn:aws-us-gov:s3:::baseconnectapi",
            "bucket": "baseconnectapi",
            "bucket_domain_name": "baseconnectapi.s3.amazonaws.com",
            "bucket_prefix": null,
            "bucket_regional_domain_name": "baseconnectapi.s3.us-gov-east-1.amazonaws.com",
            "cors_rule": [],
            "force_destroy": false,
            "hosted_zone_id": "Z31GFT0UA1I2HV",
            "id": "baseconnectapi",
            "lifecycle_rule": [],
            "logging": [],
            "object_lock_configuration": [],
            "policy": null,
            "region": "us-gov-east-1",
            "replication_configuration": [],
            "request_payer": "BucketOwner",
            "server_side_encryption_configuration": [],
            "tags": {
              "Environment": "Prod",
              "Name": "baseconnectapi"
            },
            "versioning": [
              {
                "enabled": true,
                "mfa_delete": false
              }
            ],
            "website": [],
            "website_domain": null,
            "website_endpoint": null
          }
        }
      ]
    },
    {
      "module": "module.beanstalk.module.s3",
      "mode": "managed",
      "type": "aws_s3_bucket_object",
      "name": "file_upload",
      "provider": "provider.aws",
      "instances": []
    }
  ]
}
